
Microsoft Visual Studio Solution File, Format Version 12.00
# Visual Studio Version 17
VisualStudioVersion = 17.14.37710.0 d17.14
MinimumVisualStudioVersion = 10.0.40219.1
Project("{888888A0-9F3D-457C-B088-3A5042F75D52}") = "event participant registration program - EDUCATİON", "event participant registration program - EDUCATİON.pyproj", "{77ED6122-C0A6-4ED6-BCB4-3DBD2661B101}"
EndProject
Global
	GlobalSection(SolutionConfigurationPlatforms) = preSolution
		Debug|Any CPU = Debug|Any CPU
		Release|Any CPU = Release|Any CPU
	EndGlobalSection
	GlobalSection(ProjectConfigurationPlatforms) = postSolution
		{77ED6122-C0A6-4ED6-BCB4-3DBD2661B101}.Debug|Any CPU.ActiveCfg = Debug|Any CPU
		{77ED6122-C0A6-4ED6-BCB4-3DBD2661B101}.Release|Any CPU.ActiveCfg = Release|Any CPU
	EndGlobalSection
	GlobalSection(SolutionProperties) = preSolution
		HideSolutionNode = FALSE
	EndGlobalSection
	GlobalSection(ExtensibilityGlobals) = postSolution
		SolutionGuid = {1D713E02-7E81-4926-AC53-1B8A166661E9}
	EndGlobalSection
EndGlobal
